
Microsoft Visual Studio Solution File, Format Version 12.00
Project("{FAE04EC0-301F-11D3-BF4B-00C04F79EFBC}") = "lab1", "lab1\lab1.csproj", "{3495BDDE-5BA1-42D3-95F1-CEADE2689C6E}"
EndProject
Project("{FAE04EC0-301F-11D3-BF4B-00C04F79EFBC}") = "lab2", "lab2\lab2.csproj", "{183BDFE3-AA08-4EB8-8FF2-9BC1501AE595}"
EndProject
Project("{FAE04EC0-301F-11D3-BF4B-00C04F79EFBC}") = "lab3", "lab3\lab3.csproj", "{1BA1A0A5-4FDC-4168-85F5-487C5BFD7263}"
EndProject
Project("{FAE04EC0-301F-11D3-BF4B-00C04F79EFBC}") = "lab4", "lab4\lab4.csproj", "{72369A4B-BD41-404F-BFB3-DC971647A42B}"
EndProject
Project("{FAE04EC0-301F-11D3-BF4B-00C04F79EFBC}") = "lab5", "lab5\lab5.csproj", "{1FF25C18-81D0-4A97-9D38-6D9292061841}"
EndProject
Project("{FAE04EC0-301F-11D3-BF4B-00C04F79EFBC}") = "lab6", "lab6\lab6.csproj", "{F6B51914-5D46-4954-934D-8D2AB031DEEC}"
EndProject
Global
	GlobalSection(SolutionConfigurationPlatforms) = preSolution
		Debug|Any CPU = Debug|Any CPU
		Release|Any CPU = Release|Any CPU
	EndGlobalSection
	GlobalSection(ProjectConfigurationPlatforms) = postSolution
		{3495BDDE-5BA1-42D3-95F1-CEADE2689C6E}.Debug|Any CPU.ActiveCfg = Debug|Any CPU
		{3495BDDE-5BA1-42D3-95F1-CEADE2689C6E}.Debug|Any CPU.Build.0 = Debug|Any CPU
		{3495BDDE-5BA1-42D3-95F1-CEADE2689C6E}.Release|Any CPU.ActiveCfg = Release|Any CPU
		{3495BDDE-5BA1-42D3-95F1-CEADE2689C6E}.Release|Any CPU.Build.0 = Release|Any CPU
		{183BDFE3-AA08-4EB8-8FF2-9BC1501AE595}.Debug|Any CPU.ActiveCfg = Debug|Any CPU
		{183BDFE3-AA08-4EB8-8FF2-9BC1501AE595}.Debug|Any CPU.Build.0 = Debug|Any CPU
		{183BDFE3-AA08-4EB8-8FF2-9BC1501AE595}.Release|Any CPU.ActiveCfg = Release|Any CPU
		{183BDFE3-AA08-4EB8-8FF2-9BC1501AE595}.Release|Any CPU.Build.0 = Release|Any CPU
		{1BA1A0A5-4FDC-4168-85F5-487C5BFD7263}.Debug|Any CPU.ActiveCfg = Debug|Any CPU
		{1BA1A0A5-4FDC-4168-85F5-487C5BFD7263}.Debug|Any CPU.Build.0 = Debug|Any CPU
		{1BA1A0A5-4FDC-4168-85F5-487C5BFD7263}.Release|Any CPU.ActiveCfg = Release|Any CPU
		{1BA1A0A5-4FDC-4168-85F5-487C5BFD7263}.Release|Any CPU.Build.0 = Release|Any CPU
		{72369A4B-BD41-404F-BFB3-DC971647A42B}.Debug|Any CPU.ActiveCfg = Debug|Any CPU
		{72369A4B-BD41-404F-BFB3-DC971647A42B}.Debug|Any CPU.Build.0 = Debug|Any CPU
		{72369A4B-BD41-404F-BFB3-DC971647A42B}.Release|Any CPU.ActiveCfg = Release|Any CPU
		{72369A4B-BD41-404F-BFB3-DC971647A42B}.Release|Any CPU.Build.0 = Release|Any CPU
		{1FF25C18-81D0-4A97-9D38-6D9292061841}.Debug|Any CPU.ActiveCfg = Debug|Any CPU
		{1FF25C18-81D0-4A97-9D38-6D9292061841}.Debug|Any CPU.Build.0 = Debug|Any CPU
		{1FF25C18-81D0-4A97-9D38-6D9292061841}.Release|Any CPU.ActiveCfg = Release|Any CPU
		{1FF25C18-81D0-4A97-9D38-6D9292061841}.Release|Any CPU.Build.0 = Release|Any CPU
		{F6B51914-5D46-4954-934D-8D2AB031DEEC}.Debug|Any CPU.ActiveCfg = Debug|Any CPU
		{F6B51914-5D46-4954-934D-8D2AB031DEEC}.Debug|Any CPU.Build.0 = Debug|Any CPU
		{F6B51914-5D46-4954-934D-8D2AB031DEEC}.Release|Any CPU.ActiveCfg = Release|Any CPU
		{F6B51914-5D46-4954-934D-8D2AB031DEEC}.Release|Any CPU.Build.0 = Release|Any CPU
	EndGlobalSection
EndGlobal
